{
  "version": 4,
  "terraform_version": "1.9.8",
  "serial": 11,
  "lineage": "d109b2f1-910b-73e0-9536-3cb64e22a848",
  "outputs": {},
  "resources": [
    {
      "mode": "managed",
      "type": "docker_container",
      "name": "bender",
      "provider": "provider[\"registry.terraform.io/kreuzwerker/docker\"]",
      "instances": [
        {
          "schema_version": 2,
          "attributes": {
            "attach": false,
            "bridge": "",
            "capabilities": [],
            "command": [
              "/usr/sbin/sshd",
              "-D"
            ],
            "container_logs": null,
            "cpu_set": "",
            "cpu_shares": 0,
            "destroy_grace_seconds": null,
            "devices": [],
            "dns": null,
            "dns_opts": null,
            "dns_search": null,
            "domainname": "",
            "entrypoint": [],
            "env": [],
            "exit_code": null,
            "gateway": "10.10.2.1",
            "group_add": null,
            "healthcheck": null,
            "host": [],
            "hostname": "bender",
            "id": "c74bd6e679dc4d00bea781daed1b6384e876fccd3cdabb1767dd9f4ab4a384b7",
            "image": "sha256:a4c6be66d353eeb9f322da461137458aae9c615946fae5174b3d6dfda58ee412",
            "init": false,
            "ip_address": "10.10.2.3",
            "ip_prefix_length": 24,
            "ipc_mode": "private",
            "labels": [],
            "links": null,
            "log_driver": "json-file",
            "log_opts": null,
            "logs": false,
            "max_retry_count": 0,
            "memory": 0,
            "memory_swap": 0,
            "mounts": [],
            "must_run": true,
            "name": "bender",
            "network_alias": null,
            "network_data": [
              {
                "gateway": "10.10.2.1",
                "global_ipv6_address": "",
                "global_ipv6_prefix_length": 0,
                "ip_address": "10.10.2.3",
                "ip_prefix_length": 24,
                "ipv6_gateway": "",
                "network_name": "ansible-net"
              }
            ],
            "network_mode": "default",
            "networks": null,
            "networks_advanced": [
              {
                "aliases": [
                  "ansible-net"
                ],
                "ipv4_address": "10.10.2.3",
                "ipv6_address": "",
                "name": "ansible-net"
              }
            ],
            "pid_mode": "",
            "ports": [],
            "privileged": false,
            "publish_all_ports": false,
            "read_only": false,
            "remove_volumes": true,
            "restart": "no",
            "rm": false,
            "security_opts": [],
            "shm_size": 64,
            "start": true,
            "stdin_open": false,
            "sysctls": null,
            "tmpfs": null,
            "tty": false,
            "ulimit": [],
            "upload": [],
            "user": "",
            "userns_mode": "",
            "volumes": [],
            "working_dir": ""
          },
          "sensitive_attributes": [],
          "private": "eyJzY2hlbWFfdmVyc2lvbiI6IjIifQ==",
          "dependencies": [
            "docker_image.bender",
            "docker_network.ansible-net"
          ]
        }
      ]
    },
    {
      "mode": "managed",
      "type": "docker_container",
      "name": "fry",
      "provider": "provider[\"registry.terraform.io/kreuzwerker/docker\"]",
      "instances": [
        {
          "schema_version": 2,
          "attributes": {
            "attach": false,
            "bridge": "",
            "capabilities": [],
            "command": [
              "/usr/sbin/sshd",
              "-D"
            ],
            "container_logs": null,
            "cpu_set": "",
            "cpu_shares": 0,
            "destroy_grace_seconds": null,
            "devices": [],
            "dns": null,
            "dns_opts": null,
            "dns_search": null,
            "domainname": "",
            "entrypoint": [],
            "env": [],
            "exit_code": null,
            "gateway": "10.10.2.1",
            "group_add": null,
            "healthcheck": null,
            "host": [],
            "hostname": "fry",
            "id": "04766cf417264870ddd5e7c268dff56679d32d6b9627df5050e7ffad8af40ef2",
            "image": "sha256:a4c6be66d353eeb9f322da461137458aae9c615946fae5174b3d6dfda58ee412",
            "init": false,
            "ip_address": "10.10.2.4",
            "ip_prefix_length": 24,
            "ipc_mode": "private",
            "labels": [],
            "links": null,
            "log_driver": "json-file",
            "log_opts": null,
            "logs": false,
            "max_retry_count": 0,
            "memory": 0,
            "memory_swap": 0,
            "mounts": [],
            "must_run": true,
            "name": "fry",
            "network_alias": null,
            "network_data": [
              {
                "gateway": "10.10.2.1",
                "global_ipv6_address": "",
                "global_ipv6_prefix_length": 0,
                "ip_address": "10.10.2.4",
                "ip_prefix_length": 24,
                "ipv6_gateway": "",
                "network_name": "ansible-net"
              }
            ],
            "network_mode": "default",
            "networks": null,
            "networks_advanced": [
              {
                "aliases": [
                  "ansible-net"
                ],
                "ipv4_address": "10.10.2.4",
                "ipv6_address": "",
                "name": "ansible-net"
              }
            ],
            "pid_mode": "",
            "ports": [],
            "privileged": false,
            "publish_all_ports": false,
            "read_only": false,
            "remove_volumes": true,
            "restart": "no",
            "rm": false,
            "security_opts": [],
            "shm_size": 64,
            "start": true,
            "stdin_open": false,
            "sysctls": null,
            "tmpfs": null,
            "tty": false,
            "ulimit": [],
            "upload": [],
            "user": "",
            "userns_mode": "",
            "volumes": [],
            "working_dir": ""
          },
          "sensitive_attributes": [],
          "private": "eyJzY2hlbWFfdmVyc2lvbiI6IjIifQ==",
          "dependencies": [
            "docker_image.fry",
            "docker_network.ansible-net"
          ]
        }
      ]
    },
    {
      "mode": "managed",
      "type": "docker_container",
      "name": "zoidberg",
      "provider": "provider[\"registry.terraform.io/kreuzwerker/docker\"]",
      "instances": [
        {
          "schema_version": 2,
          "attributes": {
            "attach": false,
            "bridge": "",
            "capabilities": [],
            "command": [
              "/usr/sbin/sshd",
              "-D"
            ],
            "container_logs": null,
            "cpu_set": "",
            "cpu_shares": 0,
            "destroy_grace_seconds": null,
            "devices": [],
            "dns": null,
            "dns_opts": null,
            "dns_search": null,
            "domainname": "",
            "entrypoint": [],
            "env": [],
            "exit_code": null,
            "gateway": "10.10.2.1",
            "group_add": null,
            "healthcheck": null,
            "host": [],
            "hostname": "zoidberg",
            "id": "fccfef3a0339031b8d0fca1aae0916be19ef7131b722421edb5e99078ec0c2b6",
            "image": "sha256:a4c6be66d353eeb9f322da461137458aae9c615946fae5174b3d6dfda58ee412",
            "init": false,
            "ip_address": "10.10.2.5",
            "ip_prefix_length": 24,
            "ipc_mode": "private",
            "labels": [],
            "links": null,
            "log_driver": "json-file",
            "log_opts": null,
            "logs": false,
            "max_retry_count": 0,
            "memory": 0,
            "memory_swap": 0,
            "mounts": [],
            "must_run": true,
            "name": "zoidberg",
            "network_alias": null,
            "network_data": [
              {
                "gateway": "10.10.2.1",
                "global_ipv6_address": "",
                "global_ipv6_prefix_length": 0,
                "ip_address": "10.10.2.5",
                "ip_prefix_length": 24,
                "ipv6_gateway": "",
                "network_name": "ansible-net"
              }
            ],
            "network_mode": "default",
            "networks": null,
            "networks_advanced": [
              {
                "aliases": [
                  "ansible-net"
                ],
                "ipv4_address": "10.10.2.5",
                "ipv6_address": "",
                "name": "ansible-net"
              }
            ],
            "pid_mode": "",
            "ports": [],
            "privileged": false,
            "publish_all_ports": false,
            "read_only": false,
            "remove_volumes": true,
            "restart": "no",
            "rm": false,
            "security_opts": [],
            "shm_size": 64,
            "start": true,
            "stdin_open": false,
            "sysctls": null,
            "tmpfs": null,
            "tty": false,
            "ulimit": [],
            "upload": [],
            "user": "",
            "userns_mode": "",
            "volumes": [],
            "working_dir": ""
          },
          "sensitive_attributes": [],
          "private": "eyJzY2hlbWFfdmVyc2lvbiI6IjIifQ==",
          "dependencies": [
            "docker_image.zoidberg",
            "docker_network.ansible-net"
          ]
        }
      ]
    },
    {
      "mode": "managed",
      "type": "docker_image",
      "name": "bender",
      "provider": "provider[\"registry.terraform.io/kreuzwerker/docker\"]",
      "instances": [
        {
          "schema_version": 0,
          "attributes": {
            "build": [
              {
                "build_arg": {
                  "user": "bender"
                },
                "dockerfile": "Dockerfile",
                "force_remove": null,
                "label": null,
                "no_cache": null,
                "path": "/home/student/mycode/ansible-tf/",
                "remove": true,
                "tag": [
                  "ssh-bender"
                ],
                "target": ""
              }
            ],
            "force_remove": null,
            "id": "sha256:a4c6be66d353eeb9f322da461137458aae9c615946fae5174b3d6dfda58ee412ssh-bender:latest",
            "keep_locally": true,
            "latest": "sha256:a4c6be66d353eeb9f322da461137458aae9c615946fae5174b3d6dfda58ee412",
            "name": "ssh-bender:latest",
            "output": null,
            "pull_trigger": null,
            "pull_triggers": null,
            "repo_digest": ""
          },
          "sensitive_attributes": [],
          "private": "bnVsbA=="
        }
      ]
    },
    {
      "mode": "managed",
      "type": "docker_image",
      "name": "fry",
      "provider": "provider[\"registry.terraform.io/kreuzwerker/docker\"]",
      "instances": [
        {
          "schema_version": 0,
          "attributes": {
            "build": [
              {
                "build_arg": {
                  "user": "fry"
                },
                "dockerfile": "Dockerfile",
                "force_remove": false,
                "label": {},
                "no_cache": false,
                "path": "/home/student/mycode/ansible-tf/",
                "remove": true,
                "tag": [
                  "ssh-fry"
                ],
                "target": ""
              }
            ],
            "force_remove": null,
            "id": "sha256:a4c6be66d353eeb9f322da461137458aae9c615946fae5174b3d6dfda58ee412ssh-fry:latest",
            "keep_locally": true,
            "latest": "sha256:a4c6be66d353eeb9f322da461137458aae9c615946fae5174b3d6dfda58ee412",
            "name": "ssh-fry:latest",
            "output": null,
            "pull_trigger": null,
            "pull_triggers": null,
            "repo_digest": ""
          },
          "sensitive_attributes": [],
          "private": "bnVsbA=="
        }
      ]
    },
    {
      "mode": "managed",
      "type": "docker_image",
      "name": "zoidberg",
      "provider": "provider[\"registry.terraform.io/kreuzwerker/docker\"]",
      "instances": [
        {
          "schema_version": 0,
          "attributes": {
            "build": [
              {
                "build_arg": {
                  "user": "zoidberg"
                },
                "dockerfile": "Dockerfile",
                "force_remove": null,
                "label": null,
                "no_cache": null,
                "path": "/home/student/mycode/ansible-tf/",
                "remove": true,
                "tag": [
                  "ssh-zoidberg"
                ],
                "target": ""
              }
            ],
            "force_remove": null,
            "id": "sha256:a4c6be66d353eeb9f322da461137458aae9c615946fae5174b3d6dfda58ee412ssh-zoidberg:latest",
            "keep_locally": true,
            "latest": "sha256:a4c6be66d353eeb9f322da461137458aae9c615946fae5174b3d6dfda58ee412",
            "name": "ssh-zoidberg:latest",
            "output": null,
            "pull_trigger": null,
            "pull_triggers": null,
            "repo_digest": ""
          },
          "sensitive_attributes": [],
          "private": "bnVsbA=="
        }
      ]
    },
    {
      "mode": "managed",
      "type": "docker_network",
      "name": "ansible-net",
      "provider": "provider[\"registry.terraform.io/kreuzwerker/docker\"]",
      "instances": [
        {
          "schema_version": 1,
          "attributes": {
            "attachable": false,
            "check_duplicate": null,
            "driver": "bridge",
            "id": "11424c09c5b4ecdf4ea55ffcf236a314ad5f0d1974c3b470797e082a10de51e7",
            "ingress": false,
            "internal": false,
            "ipam_config": [
              {
                "aux_address": {},
                "gateway": "",
                "ip_range": "",
                "subnet": "10.10.2.0/24"
              }
            ],
            "ipam_driver": "default",
            "ipv6": false,
            "labels": [],
            "name": "ansible-net",
            "options": {},
            "scope": "local"
          },
          "sensitive_attributes": [],
          "private": "eyJzY2hlbWFfdmVyc2lvbiI6IjEifQ=="
        }
      ]
    }
  ],
  "check_results": null
}
